
Microsoft Visual Studio Solution File, Format Version 12.00
# Visual Studio Version 16
VisualStudioVersion = 16.0.31313.79
MinimumVisualStudioVersion = 10.0.40219.1
Project("{FAE04EC0-301F-11D3-BF4B-00C04F79EFBC}") = "MaverickMVCClient", "MaverickMVCClient.csproj", "{DF68F2F4-AC1D-480F-BC9A-027DEA5036EB}"
EndProject
Global
	GlobalSection(SolutionConfigurationPlatforms) = preSolution
		Debug|Any CPU = Debug|Any CPU
		Release|Any CPU = Release|Any CPU
	EndGlobalSection
	GlobalSection(ProjectConfigurationPlatforms) = postSolution
		{DF68F2F4-AC1D-480F-BC9A-027DEA5036EB}.Debug|Any CPU.ActiveCfg = Debug|Any CPU
		{DF68F2F4-AC1D-480F-BC9A-027DEA5036EB}.Debug|Any CPU.Build.0 = Debug|Any CPU
		{DF68F2F4-AC1D-480F-BC9A-027DEA5036EB}.Release|Any CPU.ActiveCfg = Release|Any CPU
		{DF68F2F4-AC1D-480F-BC9A-027DEA5036EB}.Release|Any CPU.Build.0 = Release|Any CPU
	EndGlobalSection
	GlobalSection(SolutionProperties) = preSolution
		HideSolutionNode = FALSE
	EndGlobalSection
	GlobalSection(ExtensibilityGlobals) = postSolution
		SolutionGuid = {03257794-9ABC-4220-940B-F7B2FE113AF7}
	EndGlobalSection
EndGlobal
